
Microsoft Visual Studio Solution File, Format Version 12.00
# Visual Studio 15
VisualStudioVersion = 15.0.28307.329
MinimumVisualStudioVersion = 10.0.40219.1
Project("{9A19103F-16F7-4668-BE54-9A1E7A4F7556}") = "BachelorTripPlanner", "BachelorTripPlanner\BachelorTripPlanner.csproj", "{8279CE43-30F5-485D-A518-AE3089BEF61D}"
EndProject
Project("{9A19103F-16F7-4668-BE54-9A1E7A4F7556}") = "DataLayer", "DataLayer\DataLayer.csproj", "{82A12A95-678C-455A-9341-6953F1C4B5C1}"
EndProject
Project("{00D1A9C2-B5F0-4AF3-8072-F6C62B433612}") = "DataLayer.Schema", "DataLayer.Schema\DataLayer.Schema.sqlproj", "{86848D63-C4DA-4082-A313-4AF723A9DEA4}"
EndProject
Global
	GlobalSection(SolutionConfigurationPlatforms) = preSolution
		Debug|Any CPU = Debug|Any CPU
		Release|Any CPU = Release|Any CPU
	EndGlobalSection
	GlobalSection(ProjectConfigurationPlatforms) = postSolution
		{8279CE43-30F5-485D-A518-AE3089BEF61D}.Debug|Any CPU.ActiveCfg = Debug|Any CPU
		{8279CE43-30F5-485D-A518-AE3089BEF61D}.Debug|Any CPU.Build.0 = Debug|Any CPU
		{8279CE43-30F5-485D-A518-AE3089BEF61D}.Release|Any CPU.ActiveCfg = Release|Any CPU
		{8279CE43-30F5-485D-A518-AE3089BEF61D}.Release|Any CPU.Build.0 = Release|Any CPU
		{82A12A95-678C-455A-9341-6953F1C4B5C1}.Debug|Any CPU.ActiveCfg = Debug|Any CPU
		{82A12A95-678C-455A-9341-6953F1C4B5C1}.Debug|Any CPU.Build.0 = Debug|Any CPU
		{82A12A95-678C-455A-9341-6953F1C4B5C1}.Release|Any CPU.ActiveCfg = Release|Any CPU
		{82A12A95-678C-455A-9341-6953F1C4B5C1}.Release|Any CPU.Build.0 = Release|Any CPU
		{86848D63-C4DA-4082-A313-4AF723A9DEA4}.Debug|Any CPU.ActiveCfg = Debug|Any CPU
		{86848D63-C4DA-4082-A313-4AF723A9DEA4}.Debug|Any CPU.Build.0 = Debug|Any CPU
		{86848D63-C4DA-4082-A313-4AF723A9DEA4}.Debug|Any CPU.Deploy.0 = Debug|Any CPU
		{86848D63-C4DA-4082-A313-4AF723A9DEA4}.Release|Any CPU.ActiveCfg = Release|Any CPU
		{86848D63-C4DA-4082-A313-4AF723A9DEA4}.Release|Any CPU.Build.0 = Release|Any CPU
		{86848D63-C4DA-4082-A313-4AF723A9DEA4}.Release|Any CPU.Deploy.0 = Release|Any CPU
	EndGlobalSection
	GlobalSection(SolutionProperties) = preSolution
		HideSolutionNode = FALSE
	EndGlobalSection
	GlobalSection(ExtensibilityGlobals) = postSolution
		SolutionGuid = {CDD37382-779B-462A-9DAC-814008BEB507}
	EndGlobalSection
EndGlobal
